
Microsoft Visual Studio Solution File, Format Version 12.00
# Visual Studio Version 17
VisualStudioVersion = 17.14.36401.2 d17.14
MinimumVisualStudioVersion = 10.0.40219.1
Project("{FAE04EC0-301F-11D3-BF4B-00C04F79EFBC}") = "Data Structures and Algorithms", "Data Structures and Algorithms\Data Structures and Algorithms.csproj", "{946E1880-086D-40AF-9DFB-6E0A79DE3088}"
EndProject
Global
	GlobalSection(SolutionConfigurationPlatforms) = preSolution
		Debug|Any CPU = Debug|Any CPU
		Release|Any CPU = Release|Any CPU
	EndGlobalSection
	GlobalSection(ProjectConfigurationPlatforms) = postSolution
		{946E1880-086D-40AF-9DFB-6E0A79DE3088}.Debug|Any CPU.ActiveCfg = Debug|Any CPU
		{946E1880-086D-40AF-9DFB-6E0A79DE3088}.Debug|Any CPU.Build.0 = Debug|Any CPU
		{946E1880-086D-40AF-9DFB-6E0A79DE3088}.Release|Any CPU.ActiveCfg = Release|Any CPU
		{946E1880-086D-40AF-9DFB-6E0A79DE3088}.Release|Any CPU.Build.0 = Release|Any CPU
	EndGlobalSection
	GlobalSection(SolutionProperties) = preSolution
		HideSolutionNode = FALSE
	EndGlobalSection
	GlobalSection(ExtensibilityGlobals) = postSolution
		SolutionGuid = {B6CF5EB6-205C-4D5C-A874-03CD054B08C7}
	EndGlobalSection
EndGlobal
